
Microsoft Visual Studio Solution File, Format Version 12.00
# Visual Studio 15
VisualStudioVersion = 15.0.27428.2037
MinimumVisualStudioVersion = 10.0.40219.1
Project("{8BC9CEB8-8B4A-11D0-8D11-00A0C91BC942}") = "PointerBasics", "PointerBasics\PointerBasics.vcxproj", "{4F900310-8F1C-4DCB-9C5F-1F1AF0C0C526}"
EndProject
Project("{8BC9CEB8-8B4A-11D0-8D11-00A0C91BC942}") = "StringsAndPointers", "StringsAndPointers\StringsAndPointers.vcxproj", "{8951A1AC-00D6-4F84-B25E-F7DCD54DB348}"
EndProject
Project("{8BC9CEB8-8B4A-11D0-8D11-00A0C91BC942}") = "ArraysAndAddresses", "ArraysAndAddresses\ArraysAndAddresses.vcxproj", "{44EB4ED8-DB2E-4344-9FFE-1737B8C03FF6}"
EndProject
Project("{8BC9CEB8-8B4A-11D0-8D11-00A0C91BC942}") = "MultipleIndirection", "MultipleIndirection\MultipleIndirection.vcxproj", "{99137500-A642-45A1-B361-E4D68697CECF}"
EndProject
Project("{8BC9CEB8-8B4A-11D0-8D11-00A0C91BC942}") = "MultipleIndirectionStrings", "MultipleIndirectionStrings\MultipleIndirectionStrings.vcxproj", "{64D0518D-CF8C-4D52-9290-16B80E470199}"
EndProject
Project("{8BC9CEB8-8B4A-11D0-8D11-00A0C91BC942}") = "CommandLineArgs", "CommandLineArgs\CommandLineArgs.vcxproj", "{0D1426C8-7EEA-4439-B15B-E50D37507264}"
EndProject
Project("{8BC9CEB8-8B4A-11D0-8D11-00A0C91BC942}") = "GenericPointers", "GenericPointers\GenericPointers.vcxproj", "{DCC7481D-011D-4C66-A737-423493F9607A}"
EndProject
Project("{8BC9CEB8-8B4A-11D0-8D11-00A0C91BC942}") = "ReturnStrings", "ReturnStrings\ReturnStrings.vcxproj", "{FB771C93-C3D5-4613-A1D8-7C4B8E92A63E}"
EndProject
Project("{8BC9CEB8-8B4A-11D0-8D11-00A0C91BC942}") = "Malloc", "Malloc\Malloc.vcxproj", "{F35E4615-DA81-42B9-843F-BB949552D435}"
EndProject
Project("{8BC9CEB8-8B4A-11D0-8D11-00A0C91BC942}") = "Calloc", "Calloc\Calloc.vcxproj", "{D092EA47-6030-4DA2-9205-F29E19B85608}"
EndProject
Project("{8BC9CEB8-8B4A-11D0-8D11-00A0C91BC942}") = "Realloc", "Realloc\Realloc.vcxproj", "{02DF5DA4-2039-4217-9F33-49F3D05AC698}"
EndProject
Project("{8BC9CEB8-8B4A-11D0-8D11-00A0C91BC942}") = "AddressArithmetic1", "AddressArithmetic1\AddressArithmetic1.vcxproj", "{4324B094-2090-4C38-A4E6-825D2B434E56}"
EndProject
Project("{8BC9CEB8-8B4A-11D0-8D11-00A0C91BC942}") = "AddressArithmetic2", "AddressArithmetic2\AddressArithmetic2.vcxproj", "{F66BA411-2117-4E53-AE08-5233F940C4CD}"
EndProject
Project("{8BC9CEB8-8B4A-11D0-8D11-00A0C91BC942}") = "AddressArithmetic3", "AddressArithmetic3\AddressArithmetic3.vcxproj", "{3D471939-2E8A-4F7B-BE97-293AFDD71326}"
EndProject
Project("{8BC9CEB8-8B4A-11D0-8D11-00A0C91BC942}") = "SingleLinkedList", "SingleLinkedList\SingleLinkedList.vcxproj", "{EAD2E127-CA9F-4BE4-A717-99F67B77DB15}"
EndProject
Project("{8BC9CEB8-8B4A-11D0-8D11-00A0C91BC942}") = "DoublyLinkedList", "DoublyLinkedList\DoublyLinkedList.vcxproj", "{54D13B3B-1767-4CF9-8EA2-2344B5582A84}"
EndProject
Project("{8BC9CEB8-8B4A-11D0-8D11-00A0C91BC942}") = "Queue", "Queue\Queue.vcxproj", "{6CB629D3-B27F-440D-8055-9D7664442406}"
EndProject
Project("{8BC9CEB8-8B4A-11D0-8D11-00A0C91BC942}") = "QueueLength", "QueueLength\QueueLength.vcxproj", "{1813916C-B13E-4391-8AA6-7C669E86DD56}"
EndProject
Project("{8BC9CEB8-8B4A-11D0-8D11-00A0C91BC942}") = "Stack", "Stack\Stack.vcxproj", "{7B77BA0B-02D0-44C9-92F9-923149D75E47}"
EndProject
Project("{8BC9CEB8-8B4A-11D0-8D11-00A0C91BC942}") = "ListTransfer", "ListTransfer\ListTransfer.vcxproj", "{6AB395AD-6EFD-476E-8F0F-FA8E693231B4}"
EndProject
Project("{8BC9CEB8-8B4A-11D0-8D11-00A0C91BC942}") = "RemoveAt", "RemoveAt\RemoveAt.vcxproj", "{295DBEE8-0DFF-48AE-BCED-7221EE02227B}"
EndProject
Project("{8BC9CEB8-8B4A-11D0-8D11-00A0C91BC942}") = "AddAfter", "AddAfter\AddAfter.vcxproj", "{1763F12E-5FDD-4078-95DE-342B16630F83}"
EndProject
Project("{8BC9CEB8-8B4A-11D0-8D11-00A0C91BC942}") = "FunctionPointer", "FunctionPointer\FunctionPointer.vcxproj", "{7C8666B7-ACE4-4722-8D89-E91A3DE69E6D}"
EndProject
Project("{8BC9CEB8-8B4A-11D0-8D11-00A0C91BC942}") = "FunctionPointerArray", "FunctionPointerArray\FunctionPointerArray.vcxproj", "{1FFA8DD3-0C90-4825-8521-F31736CA285A}"
EndProject
Project("{8BC9CEB8-8B4A-11D0-8D11-00A0C91BC942}") = "DeepShallowCopy", "DeepShallowCopy\DeepShallowCopy.vcxproj", "{C48D3CEB-8860-474C-9121-BE83CBCBC17F}"
EndProject
Project("{8BC9CEB8-8B4A-11D0-8D11-00A0C91BC942}") = "CommonProblems", "CommonProblems\CommonProblems.vcxproj", "{216E590A-3F96-467F-BD05-AB888FE72FC7}"
EndProject
Global
	GlobalSection(SolutionConfigurationPlatforms) = preSolution
		Debug|x64 = Debug|x64
		Debug|x86 = Debug|x86
		Release|x64 = Release|x64
		Release|x86 = Release|x86
	EndGlobalSection
	GlobalSection(ProjectConfigurationPlatforms) = postSolution
		{4F900310-8F1C-4DCB-9C5F-1F1AF0C0C526}.Debug|x64.ActiveCfg = Debug|x64
		{4F900310-8F1C-4DCB-9C5F-1F1AF0C0C526}.Debug|x64.Build.0 = Debug|x64
		{4F900310-8F1C-4DCB-9C5F-1F1AF0C0C526}.Debug|x86.ActiveCfg = Debug|Win32
		{4F900310-8F1C-4DCB-9C5F-1F1AF0C0C526}.Debug|x86.Build.0 = Debug|Win32
		{4F900310-8F1C-4DCB-9C5F-1F1AF0C0C526}.Release|x64.ActiveCfg = Release|x64
		{4F900310-8F1C-4DCB-9C5F-1F1AF0C0C526}.Release|x64.Build.0 = Release|x64
		{4F900310-8F1C-4DCB-9C5F-1F1AF0C0C526}.Release|x86.ActiveCfg = Release|Win32
		{4F900310-8F1C-4DCB-9C5F-1F1AF0C0C526}.Release|x86.Build.0 = Release|Win32
		{8951A1AC-00D6-4F84-B25E-F7DCD54DB348}.Debug|x64.ActiveCfg = Debug|x64
		{8951A1AC-00D6-4F84-B25E-F7DCD54DB348}.Debug|x64.Build.0 = Debug|x64
		{8951A1AC-00D6-4F84-B25E-F7DCD54DB348}.Debug|x86.ActiveCfg = Debug|Win32
		{8951A1AC-00D6-4F84-B25E-F7DCD54DB348}.Debug|x86.Build.0 = Debug|Win32
		{8951A1AC-00D6-4F84-B25E-F7DCD54DB348}.Release|x64.ActiveCfg = Release|x64
		{8951A1AC-00D6-4F84-B25E-F7DCD54DB348}.Release|x64.Build.0 = Release|x64
		{8951A1AC-00D6-4F84-B25E-F7DCD54DB348}.Release|x86.ActiveCfg = Release|Win32
		{8951A1AC-00D6-4F84-B25E-F7DCD54DB348}.Release|x86.Build.0 = Release|Win32
		{44EB4ED8-DB2E-4344-9FFE-1737B8C03FF6}.Debug|x64.ActiveCfg = Debug|x64
		{44EB4ED8-DB2E-4344-9FFE-1737B8C03FF6}.Debug|x64.Build.0 = Debug|x64
		{44EB4ED8-DB2E-4344-9FFE-1737B8C03FF6}.Debug|x86.ActiveCfg = Debug|Win32
		{44EB4ED8-DB2E-4344-9FFE-1737B8C03FF6}.Debug|x86.Build.0 = Debug|Win32
		{44EB4ED8-DB2E-4344-9FFE-1737B8C03FF6}.Release|x64.ActiveCfg = Release|x64
		{44EB4ED8-DB2E-4344-9FFE-1737B8C03FF6}.Release|x64.Build.0 = Release|x64
		{44EB4ED8-DB2E-4344-9FFE-1737B8C03FF6}.Release|x86.ActiveCfg = Release|Win32
		{44EB4ED8-DB2E-4344-9FFE-1737B8C03FF6}.Release|x86.Build.0 = Release|Win32
		{99137500-A642-45A1-B361-E4D68697CECF}.Debug|x64.ActiveCfg = Debug|x64
		{99137500-A642-45A1-B361-E4D68697CECF}.Debug|x64.Build.0 = Debug|x64
		{99137500-A642-45A1-B361-E4D68697CECF}.Debug|x86.ActiveCfg = Debug|Win32
		{99137500-A642-45A1-B361-E4D68697CECF}.Debug|x86.Build.0 = Debug|Win32
		{99137500-A642-45A1-B361-E4D68697CECF}.Release|x64.ActiveCfg = Release|x64
		{99137500-A642-45A1-B361-E4D68697CECF}.Release|x64.Build.0 = Release|x64
		{99137500-A642-45A1-B361-E4D68697CECF}.Release|x86.ActiveCfg = Release|Win32
		{99137500-A642-45A1-B361-E4D68697CECF}.Release|x86.Build.0 = Release|Win32
		{64D0518D-CF8C-4D52-9290-16B80E470199}.Debug|x64.ActiveCfg = Debug|x64
		{64D0518D-CF8C-4D52-9290-16B80E470199}.Debug|x64.Build.0 = Debug|x64
		{64D0518D-CF8C-4D52-9290-16B80E470199}.Debug|x86.ActiveCfg = Debug|Win32
		{64D0518D-CF8C-4D52-9290-16B80E470199}.Debug|x86.Build.0 = Debug|Win32
		{64D0518D-CF8C-4D52-9290-16B80E470199}.Release|x64.ActiveCfg = Release|x64
		{64D0518D-CF8C-4D52-9290-16B80E470199}.Release|x64.Build.0 = Release|x64
		{64D0518D-CF8C-4D52-9290-16B80E470199}.Release|x86.ActiveCfg = Release|Win32
		{64D0518D-CF8C-4D52-9290-16B80E470199}.Release|x86.Build.0 = Release|Win32
		{0D1426C8-7EEA-4439-B15B-E50D37507264}.Debug|x64.ActiveCfg = Debug|x64
		{0D1426C8-7EEA-4439-B15B-E50D37507264}.Debug|x64.Build.0 = Debug|x64
		{0D1426C8-7EEA-4439-B15B-E50D37507264}.Debug|x86.ActiveCfg = Debug|Win32
		{0D1426C8-7EEA-4439-B15B-E50D37507264}.Debug|x86.Build.0 = Debug|Win32
		{0D1426C8-7EEA-4439-B15B-E50D37507264}.Release|x64.ActiveCfg = Release|x64
		{0D1426C8-7EEA-4439-B15B-E50D37507264}.Release|x64.Build.0 = Release|x64
		{0D1426C8-7EEA-4439-B15B-E50D37507264}.Release|x86.ActiveCfg = Release|Win32
		{0D1426C8-7EEA-4439-B15B-E50D37507264}.Release|x86.Build.0 = Release|Win32
		{DCC7481D-011D-4C66-A737-423493F9607A}.Debug|x64.ActiveCfg = Debug|x64
		{DCC7481D-011D-4C66-A737-423493F9607A}.Debug|x64.Build.0 = Debug|x64
		{DCC7481D-011D-4C66-A737-423493F9607A}.Debug|x86.ActiveCfg = Debug|Win32
		{DCC7481D-011D-4C66-A737-423493F9607A}.Debug|x86.Build.0 = Debug|Win32
		{DCC7481D-011D-4C66-A737-423493F9607A}.Release|x64.ActiveCfg = Release|x64
		{DCC7481D-011D-4C66-A737-423493F9607A}.Release|x64.Build.0 = Release|x64
		{DCC7481D-011D-4C66-A737-423493F9607A}.Release|x86.ActiveCfg = Release|Win32
		{DCC7481D-011D-4C66-A737-423493F9607A}.Release|x86.Build.0 = Release|Win32
		{FB771C93-C3D5-4613-A1D8-7C4B8E92A63E}.Debug|x64.ActiveCfg = Debug|x64
		{FB771C93-C3D5-4613-A1D8-7C4B8E92A63E}.Debug|x64.Build.0 = Debug|x64
		{FB771C93-C3D5-4613-A1D8-7C4B8E92A63E}.Debug|x86.ActiveCfg = Debug|Win32
		{FB771C93-C3D5-4613-A1D8-7C4B8E92A63E}.Debug|x86.Build.0 = Debug|Win32
		{FB771C93-C3D5-4613-A1D8-7C4B8E92A63E}.Release|x64.ActiveCfg = Release|x64
		{FB771C93-C3D5-4613-A1D8-7C4B8E92A63E}.Release|x64.Build.0 = Release|x64
		{FB771C93-C3D5-4613-A1D8-7C4B8E92A63E}.Release|x86.ActiveCfg = Release|Win32
		{FB771C93-C3D5-4613-A1D8-7C4B8E92A63E}.Release|x86.Build.0 = Release|Win32
		{F35E4615-DA81-42B9-843F-BB949552D435}.Debug|x64.ActiveCfg = Debug|x64
		{F35E4615-DA81-42B9-843F-BB949552D435}.Debug|x64.Build.0 = Debug|x64
		{F35E4615-DA81-42B9-843F-BB949552D435}.Debug|x86.ActiveCfg = Debug|Win32
		{F35E4615-DA81-42B9-843F-BB949552D435}.Debug|x86.Build.0 = Debug|Win32
		{F35E4615-DA81-42B9-843F-BB949552D435}.Release|x64.ActiveCfg = Release|x64
		{F35E4615-DA81-42B9-843F-BB949552D435}.Release|x64.Build.0 = Release|x64
		{F35E4615-DA81-42B9-843F-BB949552D435}.Release|x86.ActiveCfg = Release|Win32
		{F35E4615-DA81-42B9-843F-BB949552D435}.Release|x86.Build.0 = Release|Win32
		{D092EA47-6030-4DA2-9205-F29E19B85608}.Debug|x64.ActiveCfg = Debug|x64
		{D092EA47-6030-4DA2-9205-F29E19B85608}.Debug|x64.Build.0 = Debug|x64
		{D092EA47-6030-4DA2-9205-F29E19B85608}.Debug|x86.ActiveCfg = Debug|Win32
		{D092EA47-6030-4DA2-9205-F29E19B85608}.Debug|x86.Build.0 = Debug|Win32
		{D092EA47-6030-4DA2-9205-F29E19B85608}.Release|x64.ActiveCfg = Release|x64
		{D092EA47-6030-4DA2-9205-F29E19B85608}.Release|x64.Build.0 = Release|x64
		{D092EA47-6030-4DA2-9205-F29E19B85608}.Release|x86.ActiveCfg = Release|Win32
		{D092EA47-6030-4DA2-9205-F29E19B85608}.Release|x86.Build.0 = Release|Win32
		{02DF5DA4-2039-4217-9F33-49F3D05AC698}.Debug|x64.ActiveCfg = Debug|x64
		{02DF5DA4-2039-4217-9F33-49F3D05AC698}.Debug|x64.Build.0 = Debug|x64
		{02DF5DA4-2039-4217-9F33-49F3D05AC698}.Debug|x86.ActiveCfg = Debug|Win32
		{02DF5DA4-2039-4217-9F33-49F3D05AC698}.Debug|x86.Build.0 = Debug|Win32
		{02DF5DA4-2039-4217-9F33-49F3D05AC698}.Release|x64.ActiveCfg = Release|x64
		{02DF5DA4-2039-4217-9F33-49F3D05AC698}.Release|x64.Build.0 = Release|x64
		{02DF5DA4-2039-4217-9F33-49F3D05AC698}.Release|x86.ActiveCfg = Release|Win32
		{02DF5DA4-2039-4217-9F33-49F3D05AC698}.Release|x86.Build.0 = Release|Win32
		{4324B094-2090-4C38-A4E6-825D2B434E56}.Debug|x64.ActiveCfg = Debug|x64
		{4324B094-2090-4C38-A4E6-825D2B434E56}.Debug|x64.Build.0 = Debug|x64
		{4324B094-2090-4C38-A4E6-825D2B434E56}.Debug|x86.ActiveCfg = Debug|Win32
		{4324B094-2090-4C38-A4E6-825D2B434E56}.Debug|x86.Build.0 = Debug|Win32
		{4324B094-2090-4C38-A4E6-825D2B434E56}.Release|x64.ActiveCfg = Release|x64
		{4324B094-2090-4C38-A4E6-825D2B434E56}.Release|x64.Build.0 = Release|x64
		{4324B094-2090-4C38-A4E6-825D2B434E56}.Release|x86.ActiveCfg = Release|Win32
		{4324B094-2090-4C38-A4E6-825D2B434E56}.Release|x86.Build.0 = Release|Win32
		{F66BA411-2117-4E53-AE08-5233F940C4CD}.Debug|x64.ActiveCfg = Debug|x64
		{F66BA411-2117-4E53-AE08-5233F940C4CD}.Debug|x64.Build.0 = Debug|x64
		{F66BA411-2117-4E53-AE08-5233F940C4CD}.Debug|x86.ActiveCfg = Debug|Win32
		{F66BA411-2117-4E53-AE08-5233F940C4CD}.Debug|x86.Build.0 = Debug|Win32
		{F66BA411-2117-4E53-AE08-5233F940C4CD}.Release|x64.ActiveCfg = Release|x64
		{F66BA411-2117-4E53-AE08-5233F940C4CD}.Release|x64.Build.0 = Release|x64
		{F66BA411-2117-4E53-AE08-5233F940C4CD}.Release|x86.ActiveCfg = Release|Win32
		{F66BA411-2117-4E53-AE08-5233F940C4CD}.Release|x86.Build.0 = Release|Win32
		{3D471939-2E8A-4F7B-BE97-293AFDD71326}.Debug|x64.ActiveCfg = Debug|x64
		{3D471939-2E8A-4F7B-BE97-293AFDD71326}.Debug|x64.Build.0 = Debug|x64
		{3D471939-2E8A-4F7B-BE97-293AFDD71326}.Debug|x86.ActiveCfg = Debug|Win32
		{3D471939-2E8A-4F7B-BE97-293AFDD71326}.Debug|x86.Build.0 = Debug|Win32
		{3D471939-2E8A-4F7B-BE97-293AFDD71326}.Release|x64.ActiveCfg = Release|x64
		{3D471939-2E8A-4F7B-BE97-293AFDD71326}.Release|x64.Build.0 = Release|x64
		{3D471939-2E8A-4F7B-BE97-293AFDD71326}.Release|x86.ActiveCfg = Release|Win32
		{3D471939-2E8A-4F7B-BE97-293AFDD71326}.Release|x86.Build.0 = Release|Win32
		{EAD2E127-CA9F-4BE4-A717-99F67B77DB15}.Debug|x64.ActiveCfg = Debug|x64
		{EAD2E127-CA9F-4BE4-A717-99F67B77DB15}.Debug|x64.Build.0 = Debug|x64
		{EAD2E127-CA9F-4BE4-A717-99F67B77DB15}.Debug|x86.ActiveCfg = Debug|Win32
		{EAD2E127-CA9F-4BE4-A717-99F67B77DB15}.Debug|x86.Build.0 = Debug|Win32
		{EAD2E127-CA9F-4BE4-A717-99F67B77DB15}.Release|x64.ActiveCfg = Release|x64
		{EAD2E127-CA9F-4BE4-A717-99F67B77DB15}.Release|x64.Build.0 = Release|x64
		{EAD2E127-CA9F-4BE4-A717-99F67B77DB15}.Release|x86.ActiveCfg = Release|Win32
		{EAD2E127-CA9F-4BE4-A717-99F67B77DB15}.Release|x86.Build.0 = Release|Win32
		{54D13B3B-1767-4CF9-8EA2-2344B5582A84}.Debug|x64.ActiveCfg = Debug|x64
		{54D13B3B-1767-4CF9-8EA2-2344B5582A84}.Debug|x64.Build.0 = Debug|x64
		{54D13B3B-1767-4CF9-8EA2-2344B5582A84}.Debug|x86.ActiveCfg = Debug|Win32
		{54D13B3B-1767-4CF9-8EA2-2344B5582A84}.Debug|x86.Build.0 = Debug|Win32
		{54D13B3B-1767-4CF9-8EA2-2344B5582A84}.Release|x64.ActiveCfg = Release|x64
		{54D13B3B-1767-4CF9-8EA2-2344B5582A84}.Release|x64.Build.0 = Release|x64
		{54D13B3B-1767-4CF9-8EA2-2344B5582A84}.Release|x86.ActiveCfg = Release|Win32
		{54D13B3B-1767-4CF9-8EA2-2344B5582A84}.Release|x86.Build.0 = Release|Win32
		{6CB629D3-B27F-440D-8055-9D7664442406}.Debug|x64.ActiveCfg = Debug|x64
		{6CB629D3-B27F-440D-8055-9D7664442406}.Debug|x64.Build.0 = Debug|x64
		{6CB629D3-B27F-440D-8055-9D7664442406}.Debug|x86.ActiveCfg = Debug|Win32
		{6CB629D3-B27F-440D-8055-9D7664442406}.Debug|x86.Build.0 = Debug|Win32
		{6CB629D3-B27F-440D-8055-9D7664442406}.Release|x64.ActiveCfg = Release|x64
		{6CB629D3-B27F-440D-8055-9D7664442406}.Release|x64.Build.0 = Release|x64
		{6CB629D3-B27F-440D-8055-9D7664442406}.Release|x86.ActiveCfg = Release|Win32
		{6CB629D3-B27F-440D-8055-9D7664442406}.Release|x86.Build.0 = Release|Win32
		{1813916C-B13E-4391-8AA6-7C669E86DD56}.Debug|x64.ActiveCfg = Debug|x64
		{1813916C-B13E-4391-8AA6-7C669E86DD56}.Debug|x64.Build.0 = Debug|x64
		{1813916C-B13E-4391-8AA6-7C669E86DD56}.Debug|x86.ActiveCfg = Debug|Win32
		{1813916C-B13E-4391-8AA6-7C669E86DD56}.Debug|x86.Build.0 = Debug|Win32
		{1813916C-B13E-4391-8AA6-7C669E86DD56}.Release|x64.ActiveCfg = Release|x64
		{1813916C-B13E-4391-8AA6-7C669E86DD56}.Release|x64.Build.0 = Release|x64
		{1813916C-B13E-4391-8AA6-7C669E86DD56}.Release|x86.ActiveCfg = Release|Win32
		{1813916C-B13E-4391-8AA6-7C669E86DD56}.Release|x86.Build.0 = Release|Win32
		{7B77BA0B-02D0-44C9-92F9-923149D75E47}.Debug|x64.ActiveCfg = Debug|x64
		{7B77BA0B-02D0-44C9-92F9-923149D75E47}.Debug|x64.Build.0 = Debug|x64
		{7B77BA0B-02D0-44C9-92F9-923149D75E47}.Debug|x86.ActiveCfg = Debug|Win32
		{7B77BA0B-02D0-44C9-92F9-923149D75E47}.Debug|x86.Build.0 = Debug|Win32
		{7B77BA0B-02D0-44C9-92F9-923149D75E47}.Release|x64.ActiveCfg = Release|x64
		{7B77BA0B-02D0-44C9-92F9-923149D75E47}.Release|x64.Build.0 = Release|x64
		{7B77BA0B-02D0-44C9-92F9-923149D75E47}.Release|x86.ActiveCfg = Release|Win32
		{7B77BA0B-02D0-44C9-92F9-923149D75E47}.Release|x86.Build.0 = Release|Win32
		{6AB395AD-6EFD-476E-8F0F-FA8E693231B4}.Debug|x64.ActiveCfg = Debug|x64
		{6AB395AD-6EFD-476E-8F0F-FA8E693231B4}.Debug|x64.Build.0 = Debug|x64
		{6AB395AD-6EFD-476E-8F0F-FA8E693231B4}.Debug|x86.ActiveCfg = Debug|Win32
		{6AB395AD-6EFD-476E-8F0F-FA8E693231B4}.Debug|x86.Build.0 = Debug|Win32
		{6AB395AD-6EFD-476E-8F0F-FA8E693231B4}.Release|x64.ActiveCfg = Release|x64
		{6AB395AD-6EFD-476E-8F0F-FA8E693231B4}.Release|x64.Build.0 = Release|x64
		{6AB395AD-6EFD-476E-8F0F-FA8E693231B4}.Release|x86.ActiveCfg = Release|Win32
		{6AB395AD-6EFD-476E-8F0F-FA8E693231B4}.Release|x86.Build.0 = Release|Win32
		{295DBEE8-0DFF-48AE-BCED-7221EE02227B}.Debug|x64.ActiveCfg = Debug|x64
		{295DBEE8-0DFF-48AE-BCED-7221EE02227B}.Debug|x64.Build.0 = Debug|x64
		{295DBEE8-0DFF-48AE-BCED-7221EE02227B}.Debug|x86.ActiveCfg = Debug|Win32
		{295DBEE8-0DFF-48AE-BCED-7221EE02227B}.Debug|x86.Build.0 = Debug|Win32
		{295DBEE8-0DFF-48AE-BCED-7221EE02227B}.Release|x64.ActiveCfg = Release|x64
		{295DBEE8-0DFF-48AE-BCED-7221EE02227B}.Release|x64.Build.0 = Release|x64
		{295DBEE8-0DFF-48AE-BCED-7221EE02227B}.Release|x86.ActiveCfg = Release|Win32
		{295DBEE8-0DFF-48AE-BCED-7221EE02227B}.Release|x86.Build.0 = Release|Win32
		{1763F12E-5FDD-4078-95DE-342B16630F83}.Debug|x64.ActiveCfg = Debug|x64
		{1763F12E-5FDD-4078-95DE-342B16630F83}.Debug|x64.Build.0 = Debug|x64
		{1763F12E-5FDD-4078-95DE-342B16630F83}.Debug|x86.ActiveCfg = Debug|Win32
		{1763F12E-5FDD-4078-95DE-342B16630F83}.Debug|x86.Build.0 = Debug|Win32
		{1763F12E-5FDD-4078-95DE-342B16630F83}.Release|x64.ActiveCfg = Release|x64
		{1763F12E-5FDD-4078-95DE-342B16630F83}.Release|x64.Build.0 = Release|x64
		{1763F12E-5FDD-4078-95DE-342B16630F83}.Release|x86.ActiveCfg = Release|Win32
		{1763F12E-5FDD-4078-95DE-342B16630F83}.Release|x86.Build.0 = Release|Win32
		{7C8666B7-ACE4-4722-8D89-E91A3DE69E6D}.Debug|x64.ActiveCfg = Debug|x64
		{7C8666B7-ACE4-4722-8D89-E91A3DE69E6D}.Debug|x64.Build.0 = Debug|x64
		{7C8666B7-ACE4-4722-8D89-E91A3DE69E6D}.Debug|x86.ActiveCfg = Debug|Win32
		{7C8666B7-ACE4-4722-8D89-E91A3DE69E6D}.Debug|x86.Build.0 = Debug|Win32
		{7C8666B7-ACE4-4722-8D89-E91A3DE69E6D}.Release|x64.ActiveCfg = Release|x64
		{7C8666B7-ACE4-4722-8D89-E91A3DE69E6D}.Release|x64.Build.0 = Release|x64
		{7C8666B7-ACE4-4722-8D89-E91A3DE69E6D}.Release|x86.ActiveCfg = Release|Win32
		{7C8666B7-ACE4-4722-8D89-E91A3DE69E6D}.Release|x86.Build.0 = Release|Win32
		{1FFA8DD3-0C90-4825-8521-F31736CA285A}.Debug|x64.ActiveCfg = Debug|x64
		{1FFA8DD3-0C90-4825-8521-F31736CA285A}.Debug|x64.Build.0 = Debug|x64
		{1FFA8DD3-0C90-4825-8521-F31736CA285A}.Debug|x86.ActiveCfg = Debug|Win32
		{1FFA8DD3-0C90-4825-8521-F31736CA285A}.Debug|x86.Build.0 = Debug|Win32
		{1FFA8DD3-0C90-4825-8521-F31736CA285A}.Release|x64.ActiveCfg = Release|x64
		{1FFA8DD3-0C90-4825-8521-F31736CA285A}.Release|x64.Build.0 = Release|x64
		{1FFA8DD3-0C90-4825-8521-F31736CA285A}.Release|x86.ActiveCfg = Release|Win32
		{1FFA8DD3-0C90-4825-8521-F31736CA285A}.Release|x86.Build.0 = Release|Win32
		{C48D3CEB-8860-474C-9121-BE83CBCBC17F}.Debug|x64.ActiveCfg = Debug|x64
		{C48D3CEB-8860-474C-9121-BE83CBCBC17F}.Debug|x64.Build.0 = Debug|x64
		{C48D3CEB-8860-474C-9121-BE83CBCBC17F}.Debug|x86.ActiveCfg = Debug|Win32
		{C48D3CEB-8860-474C-9121-BE83CBCBC17F}.Debug|x86.Build.0 = Debug|Win32
		{C48D3CEB-8860-474C-9121-BE83CBCBC17F}.Release|x64.ActiveCfg = Release|x64
		{C48D3CEB-8860-474C-9121-BE83CBCBC17F}.Release|x64.Build.0 = Release|x64
		{C48D3CEB-8860-474C-9121-BE83CBCBC17F}.Release|x86.ActiveCfg = Release|Win32
		{C48D3CEB-8860-474C-9121-BE83CBCBC17F}.Release|x86.Build.0 = Release|Win32
		{216E590A-3F96-467F-BD05-AB888FE72FC7}.Debug|x64.ActiveCfg = Debug|x64
		{216E590A-3F96-467F-BD05-AB888FE72FC7}.Debug|x64.Build.0 = Debug|x64
		{216E590A-3F96-467F-BD05-AB888FE72FC7}.Debug|x86.ActiveCfg = Debug|Win32
		{216E590A-3F96-467F-BD05-AB888FE72FC7}.Debug|x86.Build.0 = Debug|Win32
		{216E590A-3F96-467F-BD05-AB888FE72FC7}.Release|x64.ActiveCfg = Release|x64
		{216E590A-3F96-467F-BD05-AB888FE72FC7}.Release|x64.Build.0 = Release|x64
		{216E590A-3F96-467F-BD05-AB888FE72FC7}.Release|x86.ActiveCfg = Release|Win32
		{216E590A-3F96-467F-BD05-AB888FE72FC7}.Release|x86.Build.0 = Release|Win32
	EndGlobalSection
	GlobalSection(SolutionProperties) = preSolution
		HideSolutionNode = FALSE
	EndGlobalSection
	GlobalSection(ExtensibilityGlobals) = postSolution
		SolutionGuid = {A1908E1F-72D4-46BF-9044-600B1A4CE9D2}
	EndGlobalSection
EndGlobal
